
Microsoft Visual Studio Solution File, Format Version 12.00
# Visual Studio Version 17
VisualStudioVersion = 17.5.002.0
MinimumVisualStudioVersion = 10.0.40219.1
Project("{9A19103F-16F7-4668-BE54-9A1E7A4F7556}") = "Tataru", "src/Tataru.csproj", "{34E3E879-4FE0-492D-BF19-1A2F3EF17F76}"
EndProject
Global
	GlobalSection(SolutionConfigurationPlatforms) = preSolution
		Debug|Any CPU = Debug|Any CPU
		Release|Any CPU = Release|Any CPU
	EndGlobalSection
	GlobalSection(ProjectConfigurationPlatforms) = postSolution
		{34E3E879-4FE0-492D-BF19-1A2F3EF17F76}.Debug|Any CPU.ActiveCfg = Debug|Any CPU
		{34E3E879-4FE0-492D-BF19-1A2F3EF17F76}.Debug|Any CPU.Build.0 = Debug|Any CPU
		{34E3E879-4FE0-492D-BF19-1A2F3EF17F76}.Release|Any CPU.ActiveCfg = Release|Any CPU
		{34E3E879-4FE0-492D-BF19-1A2F3EF17F76}.Release|Any CPU.Build.0 = Release|Any CPU
	EndGlobalSection
	GlobalSection(SolutionProperties) = preSolution
		HideSolutionNode = FALSE
	EndGlobalSection
	GlobalSection(ExtensibilityGlobals) = postSolution
		SolutionGuid = {021B1079-713A-433A-A0AF-E922DD684EC4}
	EndGlobalSection
EndGlobal
